// !$*UTF8*$!
{
	archiveVersion = 1;
	classes = {
	};
	objectVersion = 46;
	objects = {

/* Begin PBXBuildFile section */
		07AC766718C8CB9A007D5414 /* CoreFoundation.framework in Frameworks */ = {isa = PBXBuildFile; fileRef = 07AC766618C8CB9A007D5414 /* CoreFoundation.framework */; };
		07AC766D18C8CB9A007D5414 /* InfoPlist.strings in Resources */ = {isa = PBXBuildFile; fileRef = 07AC766B18C8CB9A007D5414 /* InfoPlist.strings */; };
		07AC767618C8CBC8007D5414 /* SampleTool.m in Sources */ = {isa = PBXBuildFile; fileRef = 07AC767518C8CBC8007D5414 /* SampleTool.m */; };
		07AC767918C8CED6007D5414 /* Cocoa.framework in Frameworks */ = {isa = PBXBuildFile; fileRef = 07AC767818C8CED6007D5414 /* Cocoa.framework */; };
/* End PBXBuildFile section */

/* Begin PBXFileReference section */
		07AC766318C8CB9A007D5414 /* SampleTool.hopperTool */ = {isa = PBXFileReference; explicitFileType = wrapper.cfbundle; includeInIndex = 0; path = SampleTool.hopperTool; sourceTree = BUILT_PRODUCTS_DIR; };
		07AC766618C8CB9A007D5414 /* CoreFoundation.framework */ = {isa = PBXFileReference; lastKnownFileType = wrapper.framework; name = CoreFoundation.framework; path = System/Library/Frameworks/CoreFoundation.framework; sourceTree = SDKROOT; };
		07AC766A18C8CB9A007D5414 /* SampleTool-Info.plist */ = {isa = PBXFileReference; lastKnownFileType = text.plist.xml; path = "SampleTool-Info.plist"; sourceTree = "<group>"; };
		07AC766C18C8CB9A007D5414 /* en */ = {isa = PBXFileReference; lastKnownFileType = text.plist.strings; name = en; path = en.lproj/InfoPlist.strings; sourceTree = "<group>"; };
		07AC766E18C8CB9A007D5414 /* SampleTool-Prefix.pch */ = {isa = PBXFileReference; lastKnownFileType = sourcecode.c.h; path = "SampleTool-Prefix.pch"; sourceTree = "<group>"; };
		07AC767418C8CBC8007D5414 /* SampleTool.h */ = {isa = PBXFileReference; fileEncoding = 4; lastKnownFileType = sourcecode.c.h; path = SampleTool.h; sourceTree = "<group>"; };
		07AC767518C8CBC8007D5414 /* SampleTool.m */ = {isa = PBXFileReference; fileEncoding = 4; lastKnownFileType = sourcecode.c.objc; path = SampleTool.m; sourceTree = "<group>"; };
		07AC767818C8CED6007D5414 /* Cocoa.framework */ = {isa = PBXFileReference; lastKnownFileType = wrapper.framework; name = Cocoa.framework; path = System/Library/Frameworks/Cocoa.framework; sourceTree = SDKROOT; };
/* End PBXFileReference section */

/* Begin PBXFrameworksBuildPhase section */
		07AC766018C8CB9A007D5414 /* Frameworks */ = {
			isa = PBXFrameworksBuildPhase;
			buildActionMask = 2147483647;
			files = (
				07AC767918C8CED6007D5414 /* Cocoa.framework in Frameworks */,
				07AC766718C8CB9A007D5414 /* CoreFoundation.framework in Frameworks */,
			);
			runOnlyForDeploymentPostprocessing = 0;
		};
/* End PBXFrameworksBuildPhase section */

/* Begin PBXGroup section */
		07AC765A18C8CB9A007D5414 = {
			isa = PBXGroup;
			children = (
				07AC766818C8CB9A007D5414 /* SampleTool */,
				07AC766918C8CB9A007D5414 /* Supporting Files */,
				07AC766518C8CB9A007D5414 /* Frameworks */,
				07AC766418C8CB9A007D5414 /* Products */,
			);
			sourceTree = "<group>";
		};
		07AC766418C8CB9A007D5414 /* Products */ = {
			isa = PBXGroup;
			children = (
				07AC766318C8CB9A007D5414 /* SampleTool.hopperTool */,
			);
			name = Products;
			sourceTree = "<group>";
		};
		07AC766518C8CB9A007D5414 /* Frameworks */ = {
			isa = PBXGroup;
			children = (
				07AC767818C8CED6007D5414 /* Cocoa.framework */,
				07AC766618C8CB9A007D5414 /* CoreFoundation.framework */,
			);
			name = Frameworks;
			sourceTree = "<group>";
		};
		07AC766818C8CB9A007D5414 /* SampleTool */ = {
			isa = PBXGroup;
			children = (
				07AC767418C8CBC8007D5414 /* SampleTool.h */,
				07AC767518C8CBC8007D5414 /* SampleTool.m */,
			);
			path = SampleTool;
			sourceTree = "<group>";
		};
		07AC766918C8CB9A007D5414 /* Supporting Files */ = {
			isa = PBXGroup;
			children = (
				07AC766A18C8CB9A007D5414 /* SampleTool-Info.plist */,
				07AC766B18C8CB9A007D5414 /* InfoPlist.strings */,
				07AC766E18C8CB9A007D5414 /* SampleTool-Prefix.pch */,
			);
			name = "Supporting Files";
			path = SampleTool;
			sourceTree = "<group>";
		};
/* End PBXGroup section */

/* Begin PBXNativeTarget section */
		07AC766218C8CB9A007D5414 /* SampleTool */ = {
			isa = PBXNativeTarget;
			buildConfigurationList = 07AC767118C8CB9A007D5414 /* Build configuration list for PBXNativeTarget "SampleTool" */;
			buildPhases = (
				07AC765F18C8CB9A007D5414 /* Sources */,
				07AC766018C8CB9A007D5414 /* Frameworks */,
				07AC766118C8CB9A007D5414 /* Resources */,
				07AC767718C8CBF4007D5414 /* Run Script (Installation) */,
			);
			buildRules = (
			);
			dependencies = (
			);
			name = SampleTool;
			productName = SampleTool;
			productReference = 07AC766318C8CB9A007D5414 /* SampleTool.hopperTool */;
			productType = "com.apple.product-type.bundle";
		};
/* End PBXNativeTarget section */

/* Begin PBXProject section */
		07AC765B18C8CB9A007D5414 /* Project object */ = {
			isa = PBXProject;
			attributes = {
				LastUpgradeCheck = 0500;
				ORGANIZATIONNAME = "Cryptic Apps";
			};
			buildConfigurationList = 07AC765E18C8CB9A007D5414 /* Build configuration list for PBXProject "SampleTool" */;
			compatibilityVersion = "Xcode 3.2";
			developmentRegion = English;
			hasScannedForEncodings = 0;
			knownRegions = (
				en,
			);
			mainGroup = 07AC765A18C8CB9A007D5414;
			productRefGroup = 07AC766418C8CB9A007D5414 /* Products */;
			projectDirPath = "";
			projectRoot = "";
			targets = (
				07AC766218C8CB9A007D5414 /* SampleTool */,
			);
		};
/* End PBXProject section */

/* Begin PBXResourcesBuildPhase section */
		07AC766118C8CB9A007D5414 /* Resources */ = {
			isa = PBXResourcesBuildPhase;
			buildActionMask = 2147483647;
			files = (
				07AC766D18C8CB9A007D5414 /* InfoPlist.strings in Resources */,
			);
			runOnlyForDeploymentPostprocessing = 0;
		};
/* End PBXResourcesBuildPhase section */

/* Begin PBXShellScriptBuildPhase section */
		07AC767718C8CBF4007D5414 /* Run Script (Installation) */ = {
			isa = PBXShellScriptBuildPhase;
			buildActionMask = 2147483647;
			files = (
			);
			inputPaths = (
			);
			name = "Run Script (Installation)";
			outputPaths = (
			);
			runOnlyForDeploymentPostprocessing = 0;
			shellPath = /bin/sh;
			shellScript = "rm -rf \"${INSTALL_PATH}/SampleTool.hopperTool\"\nmkdir -p \"${INSTALL_PATH}\"\ncp -rf \"${BUILT_PRODUCTS_DIR}/SampleTool.hopperTool\" \"${INSTALL_PATH}\"\n";
		};
/* End PBXShellScriptBuildPhase section */

/* Begin PBXSourcesBuildPhase section */
		07AC765F18C8CB9A007D5414 /* Sources */ = {
			isa = PBXSourcesBuildPhase;
			buildActionMask = 2147483647;
			files = (
				07AC767618C8CBC8007D5414 /* SampleTool.m in Sources */,
			);
			runOnlyForDeploymentPostprocessing = 0;
		};
/* End PBXSourcesBuildPhase section */

/* Begin PBXVariantGroup section */
		07AC766B18C8CB9A007D5414 /* InfoPlist.strings */ = {
			isa = PBXVariantGroup;
			children = (
				07AC766C18C8CB9A007D5414 /* en */,
			);
			name = InfoPlist.strings;
			sourceTree = "<group>";
		};
/* End PBXVariantGroup section */

/* Begin XCBuildConfiguration section */
		07AC766F18C8CB9A007D5414 /* Debug */ = {
			isa = XCBuildConfiguration;
			buildSettings = {
				ALWAYS_SEARCH_USER_PATHS = NO;
				CLANG_CXX_LANGUAGE_STANDARD = "gnu++0x";
				CLANG_CXX_LIBRARY = "libc++";
				CLANG_ENABLE_OBJC_ARC = YES;
				CLANG_WARN_BOOL_CONVERSION = YES;
				CLANG_WARN_CONSTANT_CONVERSION = YES;
				CLANG_WARN_DIRECT_OBJC_ISA_USAGE = YES_ERROR;
				CLANG_WARN_EMPTY_BODY = YES;
				CLANG_WARN_ENUM_CONVERSION = YES;
				CLANG_WARN_INT_CONVERSION = YES;
				CLANG_WARN_OBJC_ROOT_CLASS = YES_ERROR;
				CLANG_WARN__DUPLICATE_METHOD_MATCH = YES;
				COPY_PHASE_STRIP = NO;
				GCC_C_LANGUAGE_STANDARD = gnu99;
				GCC_DYNAMIC_NO_PIC = NO;
				GCC_ENABLE_OBJC_EXCEPTIONS = YES;
				GCC_OPTIMIZATION_LEVEL = 0;
				GCC_PREPROCESSOR_DEFINITIONS = (
					"DEBUG=1",
					"$(inherited)",
				);
				GCC_SYMBOLS_PRIVATE_EXTERN = NO;
				GCC_WARN_64_TO_32_BIT_CONVERSION = YES;
				GCC_WARN_ABOUT_RETURN_TYPE = YES_ERROR;
				GCC_WARN_UNDECLARED_SELECTOR = YES;
				GCC_WARN_UNINITIALIZED_AUTOS = YES;
				GCC_WARN_UNUSED_FUNCTION = YES;
				GCC_WARN_UNUSED_VARIABLE = YES;
				MACOSX_DEPLOYMENT_TARGET = 10.8;
				ONLY_ACTIVE_ARCH = YES;
				SDKROOT = macosx;
			};
			name = Debug;
		};
		07AC767018C8CB9A007D5414 /* Release */ = {
			isa = XCBuildConfiguration;
			buildSettings = {
				ALWAYS_SEARCH_USER_PATHS = NO;
				CLANG_CXX_LANGUAGE_STANDARD = "gnu++0x";
				CLANG_CXX_LIBRARY = "libc++";
				CLANG_ENABLE_OBJC_ARC = YES;
				CLANG_WARN_BOOL_CONVERSION = YES;
				CLANG_WARN_CONSTANT_CONVERSION = YES;
				CLANG_WARN_DIRECT_OBJC_ISA_USAGE = YES_ERROR;
				CLANG_WARN_EMPTY_BODY = YES;
				CLANG_WARN_ENUM_CONVERSION = YES;
				CLANG_WARN_INT_CONVERSION = YES;
				CLANG_WARN_OBJC_ROOT_CLASS = YES_ERROR;
				CLANG_WARN__DUPLICATE_METHOD_MATCH = YES;
				COPY_PHASE_STRIP = YES;
				DEBUG_INFORMATION_FORMAT = "dwarf-with-dsym";
				ENABLE_NS_ASSERTIONS = NO;
				GCC_C_LANGUAGE_STANDARD = gnu99;
				GCC_ENABLE_OBJC_EXCEPTIONS = YES;
				GCC_WARN_64_TO_32_BIT_CONVERSION = YES;
				GCC_WARN_ABOUT_RETURN_TYPE = YES_ERROR;
				GCC_WARN_UNDECLARED_SELECTOR = YES;
				GCC_WARN_UNINITIALIZED_AUTOS = YES;
				GCC_WARN_UNUSED_FUNCTION = YES;
				GCC_WARN_UNUSED_VARIABLE = YES;
				MACOSX_DEPLOYMENT_TARGET = 10.8;
				SDKROOT = macosx;
			};
			name = Release;
		};
		07AC767218C8CB9A007D5414 /* Debug */ = {
			isa = XCBuildConfiguration;
			buildSettings = {
				COMBINE_HIDPI_IMAGES = YES;
				GCC_PRECOMPILE_PREFIX_HEADER = YES;
				GCC_PREFIX_HEADER = "SampleTool/SampleTool-Prefix.pch";
				HEADER_SEARCH_PATHS = (
					"$(inherited)",
					/Applications/Xcode.app/Contents/Developer/Toolchains/XcodeDefault.xctoolchain/usr/include,
					"$(SRCROOT)/../../include",
				);
				INFOPLIST_FILE = "SampleTool/SampleTool-Info.plist";
				INSTALL_PATH = "$(USER_LIBRARY_DIR)/Application Support/Hopper/PlugIns/Tools";
				PRODUCT_NAME = "$(TARGET_NAME)";
				WRAPPER_EXTENSION = hopperTool;
			};
			name = Debug;
		};
		07AC767318C8CB9A007D5414 /* Release */ = {
			isa = XCBuildConfiguration;
			buildSettings = {
				COMBINE_HIDPI_IMAGES = YES;
				GCC_PRECOMPILE_PREFIX_HEADER = YES;
				GCC_PREFIX_HEADER = "SampleTool/SampleTool-Prefix.pch";
				HEADER_SEARCH_PATHS = (
					"$(inherited)",
					/Applications/Xcode.app/Contents/Developer/Toolchains/XcodeDefault.xctoolchain/usr/include,
					"$(SRCROOT)/../../include",
				);
				INFOPLIST_FILE = "SampleTool/SampleTool-Info.plist";
				INSTALL_PATH = "$(USER_LIBRARY_DIR)/Application Support/Hopper/PlugIns/Tools";
				PRODUCT_NAME = "$(TARGET_NAME)";
				WRAPPER_EXTENSION = hopperTool;
			};
			name = Release;
		};
/* End XCBuildConfiguration section */

/* Begin XCConfigurationList section */
		07AC765E18C8CB9A007D5414 /* Build configuration list for PBXProject "SampleTool" */ = {
			isa = XCConfigurationList;
			buildConfigurations = (
				07AC766F18C8CB9A007D5414 /* Debug */,
				07AC767018C8CB9A007D5414 /* Release */,
			);
			defaultConfigurationIsVisible = 0;
			defaultConfigurationName = Release;
		};
		07AC767118C8CB9A007D5414 /* Build configuration list for PBXNativeTarget "SampleTool" */ = {
			isa = XCConfigurationList;
			buildConfigurations = (
				07AC767218C8CB9A007D5414 /* Debug */,
				07AC767318C8CB9A007D5414 /* Release */,
			);
			defaultConfigurationIsVisible = 0;
			defaultConfigurationName = Release;
		};
/* End XCConfigurationList section */
	};
	rootObject = 07AC765B18C8CB9A007D5414 /* Project object */;
}
